// !$*UTF8*$!
{
	archiveVersion = 1;
	classes = {
	};
	objectVersion = 77;
	objects = {

/* Begin PBXBuildFile section */
		07326BC12DFB8E7400CD3A74 /* GRDB in Frameworks */ = {isa = PBXBuildFile; productRef = 07326BC02DFB8E7400CD3A74 /* GRDB */; };
		079A72932DFA590B0098A2EB /* README.md in Resources */ = {isa = PBXBuildFile; fileRef = 079A72922DFA59070098A2EB /* README.md */; };
/* End PBXBuildFile section */

/* Begin PBXContainerItemProxy section */
		079A72722DFA1BEE0098A2EB /* PBXContainerItemProxy */ = {
			isa = PBXContainerItemProxy;
			containerPortal = 079A725A2DFA1BED0098A2EB /* Project object */;
			proxyType = 1;
			remoteGlobalIDString = 079A72612DFA1BED0098A2EB;
			remoteInfo = thymesaver;
		};
		079A727C2DFA1BEF0098A2EB /* PBXContainerItemProxy */ = {
			isa = PBXContainerItemProxy;
			containerPortal = 079A725A2DFA1BED0098A2EB /* Project object */;
			proxyType = 1;
			remoteGlobalIDString = 079A72612DFA1BED0098A2EB;
			remoteInfo = thymesaver;
		};
/* End PBXContainerItemProxy section */

/* Begin PBXFileReference section */
		079A72622DFA1BED0098A2EB /* ThymeSaver.app */ = {isa = PBXFileReference; explicitFileType = wrapper.application; includeInIndex = 0; path = ThymeSaver.app; sourceTree = BUILT_PRODUCTS_DIR; };
		079A72712DFA1BEE0098A2EB /* ThymeSaverTests.xctest */ = {isa = PBXFileReference; explicitFileType = wrapper.cfbundle; includeInIndex = 0; path = ThymeSaverTests.xctest; sourceTree = BUILT_PRODUCTS_DIR; };
		079A727B2DFA1BEF0098A2EB /* ThymeSaverUITests.xctest */ = {isa = PBXFileReference; explicitFileType = wrapper.cfbundle; includeInIndex = 0; path = ThymeSaverUITests.xctest; sourceTree = BUILT_PRODUCTS_DIR; };
		079A72922DFA59070098A2EB /* README.md */ = {isa = PBXFileReference; lastKnownFileType = net.daringfireball.markdown; path = README.md; sourceTree = "<group>"; };
/* End PBXFileReference section */

/* Begin PBXFileSystemSynchronizedBuildFileExceptionSet section */
		0713A6922DFB94C300A3982C /* Exceptions for "ThymeSaver" folder in "ThymeSaver" target */ = {
			isa = PBXFileSystemSynchronizedBuildFileExceptionSet;
			membershipExceptions = (
				Interface/ItemDetailsView.swift.txt,
				Interface/ItemView.swift.txt,
			);
			target = 079A72612DFA1BED0098A2EB /* ThymeSaver */;
		};
/* End PBXFileSystemSynchronizedBuildFileExceptionSet section */

/* Begin PBXFileSystemSynchronizedGroupBuildPhaseMembershipExceptionSet section */
		0713A6932DFB94C300A3982C /* Exceptions for "ThymeSaver" folder in "Compile Sources" phase from "ThymeSaver" target */ = {
			isa = PBXFileSystemSynchronizedGroupBuildPhaseMembershipExceptionSet;
			buildPhase = 079A725E2DFA1BED0098A2EB /* Sources */;
			membershipExceptions = (
				Interface/ItemDetailsView.swift.txt,
				Interface/ItemView.swift.txt,
			);
		};
/* End PBXFileSystemSynchronizedGroupBuildPhaseMembershipExceptionSet section */

/* Begin PBXFileSystemSynchronizedRootGroup section */
		079A72642DFA1BED0098A2EB /* ThymeSaver */ = {
			isa = PBXFileSystemSynchronizedRootGroup;
			exceptions = (
				0713A6922DFB94C300A3982C /* Exceptions for "ThymeSaver" folder in "ThymeSaver" target */,
				0713A6932DFB94C300A3982C /* Exceptions for "ThymeSaver" folder in "Compile Sources" phase from "ThymeSaver" target */,
			);
			path = ThymeSaver;
			sourceTree = "<group>";
		};
		079A72742DFA1BEF0098A2EB /* ThymeSaverTests */ = {
			isa = PBXFileSystemSynchronizedRootGroup;
			path = ThymeSaverTests;
			sourceTree = "<group>";
		};
		079A727E2DFA1BEF0098A2EB /* ThymeSaverUITests */ = {
			isa = PBXFileSystemSynchronizedRootGroup;
			path = ThymeSaverUITests;
			sourceTree = "<group>";
		};
/* End PBXFileSystemSynchronizedRootGroup section */

/* Begin PBXFrameworksBuildPhase section */
		079A725F2DFA1BED0098A2EB /* Frameworks */ = {
			isa = PBXFrameworksBuildPhase;
			buildActionMask = 2147483647;
			files = (
				07326BC12DFB8E7400CD3A74 /* GRDB in Frameworks */,
			);
			runOnlyForDeploymentPostprocessing = 0;
		};
		079A726E2DFA1BEE0098A2EB /* Frameworks */ = {
			isa = PBXFrameworksBuildPhase;
			buildActionMask = 2147483647;
			files = (
			);
			runOnlyForDeploymentPostprocessing = 0;
		};
		079A72782DFA1BEF0098A2EB /* Frameworks */ = {
			isa = PBXFrameworksBuildPhase;
			buildActionMask = 2147483647;
			files = (
			);
			runOnlyForDeploymentPostprocessing = 0;
		};
/* End PBXFrameworksBuildPhase section */

/* Begin PBXGroup section */
		079A72592DFA1BED0098A2EB = {
			isa = PBXGroup;
			children = (
				079A72922DFA59070098A2EB /* README.md */,
				079A72642DFA1BED0098A2EB /* ThymeSaver */,
				079A72742DFA1BEF0098A2EB /* ThymeSaverTests */,
				079A727E2DFA1BEF0098A2EB /* ThymeSaverUITests */,
				079A72632DFA1BED0098A2EB /* Products */,
			);
			sourceTree = "<group>";
		};
		079A72632DFA1BED0098A2EB /* Products */ = {
			isa = PBXGroup;
			children = (
				079A72622DFA1BED0098A2EB /* ThymeSaver.app */,
				079A72712DFA1BEE0098A2EB /* ThymeSaverTests.xctest */,
				079A727B2DFA1BEF0098A2EB /* ThymeSaverUITests.xctest */,
			);
			name = Products;
			sourceTree = "<group>";
		};
/* End PBXGroup section */

/* Begin PBXNativeTarget section */
		079A72612DFA1BED0098A2EB /* ThymeSaver */ = {
			isa = PBXNativeTarget;
			buildConfigurationList = 079A72852DFA1BEF0098A2EB /* Build configuration list for PBXNativeTarget "ThymeSaver" */;
			buildPhases = (
				079A725E2DFA1BED0098A2EB /* Sources */,
				079A725F2DFA1BED0098A2EB /* Frameworks */,
				079A72602DFA1BED0098A2EB /* Resources */,
			);
			buildRules = (
			);
			dependencies = (
			);
			fileSystemSynchronizedGroups = (
				079A72642DFA1BED0098A2EB /* ThymeSaver */,
			);
			name = ThymeSaver;
			packageProductDependencies = (
				07326BC02DFB8E7400CD3A74 /* GRDB */,
			);
			productName = thymesaver;
			productReference = 079A72622DFA1BED0098A2EB /* ThymeSaver.app */;
			productType = "com.apple.product-type.application";
		};
		079A72702DFA1BEE0098A2EB /* ThymeSaverTests */ = {
			isa = PBXNativeTarget;
			buildConfigurationList = 079A72882DFA1BEF0098A2EB /* Build configuration list for PBXNativeTarget "ThymeSaverTests" */;
			buildPhases = (
				079A726D2DFA1BEE0098A2EB /* Sources */,
				079A726E2DFA1BEE0098A2EB /* Frameworks */,
				079A726F2DFA1BEE0098A2EB /* Resources */,
			);
			buildRules = (
			);
			dependencies = (
				079A72732DFA1BEE0098A2EB /* PBXTargetDependency */,
			);
			fileSystemSynchronizedGroups = (
				079A72742DFA1BEF0098A2EB /* ThymeSaverTests */,
			);
			name = ThymeSaverTests;
			packageProductDependencies = (
			);
			productName = thymesaverTests;
			productReference = 079A72712DFA1BEE0098A2EB /* ThymeSaverTests.xctest */;
			productType = "com.apple.product-type.bundle.unit-test";
		};
		079A727A2DFA1BEF0098A2EB /* ThymeSaverUITests */ = {
			isa = PBXNativeTarget;
			buildConfigurationList = 079A728B2DFA1BEF0098A2EB /* Build configuration list for PBXNativeTarget "ThymeSaverUITests" */;
			buildPhases = (
				079A72772DFA1BEF0098A2EB /* Sources */,
				079A72782DFA1BEF0098A2EB /* Frameworks */,
				079A72792DFA1BEF0098A2EB /* Resources */,
			);
			buildRules = (
			);
			dependencies = (
				079A727D2DFA1BEF0098A2EB /* PBXTargetDependency */,
			);
			fileSystemSynchronizedGroups = (
				079A727E2DFA1BEF0098A2EB /* ThymeSaverUITests */,
			);
			name = ThymeSaverUITests;
			packageProductDependencies = (
			);
			productName = thymesaverUITests;
			productReference = 079A727B2DFA1BEF0098A2EB /* ThymeSaverUITests.xctest */;
			productType = "com.apple.product-type.bundle.ui-testing";
		};
/* End PBXNativeTarget section */

/* Begin PBXProject section */
		079A725A2DFA1BED0098A2EB /* Project object */ = {
			isa = PBXProject;
			attributes = {
				BuildIndependentTargetsInParallel = 1;
				LastSwiftUpdateCheck = 1630;
				LastUpgradeCheck = 1630;
				TargetAttributes = {
					079A72612DFA1BED0098A2EB = {
						CreatedOnToolsVersion = 16.3;
					};
					079A72702DFA1BEE0098A2EB = {
						CreatedOnToolsVersion = 16.3;
						TestTargetID = 079A72612DFA1BED0098A2EB;
					};
					079A727A2DFA1BEF0098A2EB = {
						CreatedOnToolsVersion = 16.3;
						TestTargetID = 079A72612DFA1BED0098A2EB;
					};
				};
			};
			buildConfigurationList = 079A725D2DFA1BED0098A2EB /* Build configuration list for PBXProject "ThymeSaver" */;
			developmentRegion = en;
			hasScannedForEncodings = 0;
			knownRegions = (
				en,
				Base,
			);
			mainGroup = 079A72592DFA1BED0098A2EB;
			minimizedProjectReferenceProxies = 1;
			packageReferences = (
				07326BBF2DFB8E7400CD3A74 /* XCRemoteSwiftPackageReference "GRDB.swift" */,
			);
			preferredProjectObjectVersion = 77;
			productRefGroup = 079A72632DFA1BED0098A2EB /* Products */;
			projectDirPath = "";
			projectRoot = "";
			targets = (
				079A72612DFA1BED0098A2EB /* ThymeSaver */,
				079A72702DFA1BEE0098A2EB /* ThymeSaverTests */,
				079A727A2DFA1BEF0098A2EB /* ThymeSaverUITests */,
			);
		};
/* End PBXProject section */

/* Begin PBXResourcesBuildPhase section */
		079A72602DFA1BED0098A2EB /* Resources */ = {
			isa = PBXResourcesBuildPhase;
			buildActionMask = 2147483647;
			files = (
				079A72932DFA590B0098A2EB /* README.md in Resources */,
			);
			runOnlyForDeploymentPostprocessing = 0;
		};
		079A726F2DFA1BEE0098A2EB /* Resources */ = {
			isa = PBXResourcesBuildPhase;
			buildActionMask = 2147483647;
			files = (
			);
			runOnlyForDeploymentPostprocessing = 0;
		};
		079A72792DFA1BEF0098A2EB /* Resources */ = {
			isa = PBXResourcesBuildPhase;
			buildActionMask = 2147483647;
			files = (
			);
			runOnlyForDeploymentPostprocessing = 0;
		};
/* End PBXResourcesBuildPhase section */

/* Begin PBXSourcesBuildPhase section */
		079A725E2DFA1BED0098A2EB /* Sources */ = {
			isa = PBXSourcesBuildPhase;
			buildActionMask = 2147483647;
			files = (
			);
			runOnlyForDeploymentPostprocessing = 0;
		};
		079A726D2DFA1BEE0098A2EB /* Sources */ = {
			isa = PBXSourcesBuildPhase;
			buildActionMask = 2147483647;
			files = (
			);
			runOnlyForDeploymentPostprocessing = 0;
		};
		079A72772DFA1BEF0098A2EB /* Sources */ = {
			isa = PBXSourcesBuildPhase;
			buildActionMask = 2147483647;
			files = (
			);
			runOnlyForDeploymentPostprocessing = 0;
		};
/* End PBXSourcesBuildPhase section */

/* Begin PBXTargetDependency section */
		079A72732DFA1BEE0098A2EB /* PBXTargetDependency */ = {
			isa = PBXTargetDependency;
			target = 079A72612DFA1BED0098A2EB /* ThymeSaver */;
			targetProxy = 079A72722DFA1BEE0098A2EB /* PBXContainerItemProxy */;
		};
		079A727D2DFA1BEF0098A2EB /* PBXTargetDependency */ = {
			isa = PBXTargetDependency;
			target = 079A72612DFA1BED0098A2EB /* ThymeSaver */;
			targetProxy = 079A727C2DFA1BEF0098A2EB /* PBXContainerItemProxy */;
		};
/* End PBXTargetDependency section */

/* Begin XCBuildConfiguration section */
		079A72832DFA1BEF0098A2EB /* Debug */ = {
			isa = XCBuildConfiguration;
			buildSettings = {
				ALWAYS_SEARCH_USER_PATHS = NO;
				ASSETCATALOG_COMPILER_GENERATE_SWIFT_ASSET_SYMBOL_EXTENSIONS = YES;
				CLANG_ANALYZER_NONNULL = YES;
				CLANG_ANALYZER_NUMBER_OBJECT_CONVERSION = YES_AGGRESSIVE;
				CLANG_CXX_LANGUAGE_STANDARD = "gnu++20";
				CLANG_ENABLE_MODULES = YES;
				CLANG_ENABLE_OBJC_ARC = YES;
				CLANG_ENABLE_OBJC_WEAK = YES;
				CLANG_WARN_BLOCK_CAPTURE_AUTORELEASING = YES;
				CLANG_WARN_BOOL_CONVERSION = YES;
				CLANG_WARN_COMMA = YES;
				CLANG_WARN_CONSTANT_CONVERSION = YES;
				CLANG_WARN_DEPRECATED_OBJC_IMPLEMENTATIONS = YES;
				CLANG_WARN_DIRECT_OBJC_ISA_USAGE = YES_ERROR;
				CLANG_WARN_DOCUMENTATION_COMMENTS = YES;
				CLANG_WARN_EMPTY_BODY = YES;
				CLANG_WARN_ENUM_CONVERSION = YES;
				CLANG_WARN_INFINITE_RECURSION = YES;
				CLANG_WARN_INT_CONVERSION = YES;
				CLANG_WARN_NON_LITERAL_NULL_CONVERSION = YES;
				CLANG_WARN_OBJC_IMPLICIT_RETAIN_SELF = YES;
				CLANG_WARN_OBJC_LITERAL_CONVERSION = YES;
				CLANG_WARN_OBJC_ROOT_CLASS = YES_ERROR;
				CLANG_WARN_QUOTED_INCLUDE_IN_FRAMEWORK_HEADER = YES;
				CLANG_WARN_RANGE_LOOP_ANALYSIS = YES;
				CLANG_WARN_STRICT_PROTOTYPES = YES;
				CLANG_WARN_SUSPICIOUS_MOVE = YES;
				CLANG_WARN_UNGUARDED_AVAILABILITY = YES_AGGRESSIVE;
				CLANG_WARN_UNREACHABLE_CODE = YES;
				CLANG_WARN__DUPLICATE_METHOD_MATCH = YES;
				COPY_PHASE_STRIP = NO;
				DEBUG_INFORMATION_FORMAT = dwarf;
				DEVELOPMENT_TEAM = M4327C8M2N;
				ENABLE_STRICT_OBJC_MSGSEND = YES;
				ENABLE_TESTABILITY = YES;
				ENABLE_USER_SCRIPT_SANDBOXING = YES;
				GCC_C_LANGUAGE_STANDARD = gnu17;
				GCC_DYNAMIC_NO_PIC = NO;
				GCC_NO_COMMON_BLOCKS = YES;
				GCC_OPTIMIZATION_LEVEL = 0;
				GCC_PREPROCESSOR_DEFINITIONS = (
					"DEBUG=1",
					"$(inherited)",
				);
				GCC_WARN_64_TO_32_BIT_CONVERSION = YES;
				GCC_WARN_ABOUT_RETURN_TYPE = YES_ERROR;
				GCC_WARN_UNDECLARED_SELECTOR = YES;
				GCC_WARN_UNINITIALIZED_AUTOS = YES_AGGRESSIVE;
				GCC_WARN_UNUSED_FUNCTION = YES;
				GCC_WARN_UNUSED_VARIABLE = YES;
				IPHONEOS_DEPLOYMENT_TARGET = 18.4;
				LOCALIZATION_PREFERS_STRING_CATALOGS = YES;
				MTL_ENABLE_DEBUG_INFO = INCLUDE_SOURCE;
				MTL_FAST_MATH = YES;
				ONLY_ACTIVE_ARCH = YES;
				PRODUCT_NAME = "Thyme Saver";
				SDKROOT = iphoneos;
				SWIFT_ACTIVE_COMPILATION_CONDITIONS = "DEBUG $(inherited)";
				SWIFT_OPTIMIZATION_LEVEL = "-Onone";
			};
			name = Debug;
		};
		079A72842DFA1BEF0098A2EB /* Release */ = {
			isa = XCBuildConfiguration;
			buildSettings = {
				ALWAYS_SEARCH_USER_PATHS = NO;
				ASSETCATALOG_COMPILER_GENERATE_SWIFT_ASSET_SYMBOL_EXTENSIONS = YES;
				CLANG_ANALYZER_NONNULL = YES;
				CLANG_ANALYZER_NUMBER_OBJECT_CONVERSION = YES_AGGRESSIVE;
				CLANG_CXX_LANGUAGE_STANDARD = "gnu++20";
				CLANG_ENABLE_MODULES = YES;
				CLANG_ENABLE_OBJC_ARC = YES;
				CLANG_ENABLE_OBJC_WEAK = YES;
				CLANG_WARN_BLOCK_CAPTURE_AUTORELEASING = YES;
				CLANG_WARN_BOOL_CONVERSION = YES;
				CLANG_WARN_COMMA = YES;
				CLANG_WARN_CONSTANT_CONVERSION = YES;
				CLANG_WARN_DEPRECATED_OBJC_IMPLEMENTATIONS = YES;
				CLANG_WARN_DIRECT_OBJC_ISA_USAGE = YES_ERROR;
				CLANG_WARN_DOCUMENTATION_COMMENTS = YES;
				CLANG_WARN_EMPTY_BODY = YES;
				CLANG_WARN_ENUM_CONVERSION = YES;
				CLANG_WARN_INFINITE_RECURSION = YES;
				CLANG_WARN_INT_CONVERSION = YES;
				CLANG_WARN_NON_LITERAL_NULL_CONVERSION = YES;
				CLANG_WARN_OBJC_IMPLICIT_RETAIN_SELF = YES;
				CLANG_WARN_OBJC_LITERAL_CONVERSION = YES;
				CLANG_WARN_OBJC_ROOT_CLASS = YES_ERROR;
				CLANG_WARN_QUOTED_INCLUDE_IN_FRAMEWORK_HEADER = YES;
				CLANG_WARN_RANGE_LOOP_ANALYSIS = YES;
				CLANG_WARN_STRICT_PROTOTYPES = YES;
				CLANG_WARN_SUSPICIOUS_MOVE = YES;
				CLANG_WARN_UNGUARDED_AVAILABILITY = YES_AGGRESSIVE;
				CLANG_WARN_UNREACHABLE_CODE = YES;
				CLANG_WARN__DUPLICATE_METHOD_MATCH = YES;
				COPY_PHASE_STRIP = NO;
				DEBUG_INFORMATION_FORMAT = "dwarf-with-dsym";
				DEVELOPMENT_TEAM = M4327C8M2N;
				ENABLE_NS_ASSERTIONS = NO;
				ENABLE_STRICT_OBJC_MSGSEND = YES;
				ENABLE_USER_SCRIPT_SANDBOXING = YES;
				GCC_C_LANGUAGE_STANDARD = gnu17;
				GCC_NO_COMMON_BLOCKS = YES;
				GCC_WARN_64_TO_32_BIT_CONVERSION = YES;
				GCC_WARN_ABOUT_RETURN_TYPE = YES_ERROR;
				GCC_WARN_UNDECLARED_SELECTOR = YES;
				GCC_WARN_UNINITIALIZED_AUTOS = YES_AGGRESSIVE;
				GCC_WARN_UNUSED_FUNCTION = YES;
				GCC_WARN_UNUSED_VARIABLE = YES;
				IPHONEOS_DEPLOYMENT_TARGET = 18.4;
				LOCALIZATION_PREFERS_STRING_CATALOGS = YES;
				MTL_ENABLE_DEBUG_INFO = NO;
				MTL_FAST_MATH = YES;
				PRODUCT_NAME = "Thyme Saver";
				SDKROOT = iphoneos;
				SWIFT_COMPILATION_MODE = wholemodule;
				VALIDATE_PRODUCT = YES;
			};
			name = Release;
		};
		079A72862DFA1BEF0098A2EB /* Debug */ = {
			isa = XCBuildConfiguration;
			buildSettings = {
				ASSETCATALOG_COMPILER_APPICON_NAME = AppIcon;
				ASSETCATALOG_COMPILER_GLOBAL_ACCENT_COLOR_NAME = AccentColor;
				CODE_SIGN_STYLE = Automatic;
				CURRENT_PROJECT_VERSION = 1;
				DEVELOPMENT_TEAM = M4327C8M2N;
				ENABLE_PREVIEWS = YES;
				GENERATE_INFOPLIST_FILE = YES;
				INFOPLIST_KEY_CFBundleDisplayName = "Thyme Saver";
				INFOPLIST_KEY_LSApplicationCategoryType = "public.app-category.food-and-drink";
				INFOPLIST_KEY_UIApplicationSceneManifest_Generation = YES;
				INFOPLIST_KEY_UIApplicationSupportsIndirectInputEvents = YES;
				INFOPLIST_KEY_UILaunchScreen_Generation = YES;
				INFOPLIST_KEY_UISupportedInterfaceOrientations_iPad = "UIInterfaceOrientationPortrait UIInterfaceOrientationPortraitUpsideDown UIInterfaceOrientationLandscapeLeft UIInterfaceOrientationLandscapeRight";
				INFOPLIST_KEY_UISupportedInterfaceOrientations_iPhone = "UIInterfaceOrientationPortrait UIInterfaceOrientationLandscapeLeft UIInterfaceOrientationLandscapeRight";
				IPHONEOS_DEPLOYMENT_TARGET = 18.0;
				LD_RUNPATH_SEARCH_PATHS = (
					"$(inherited)",
					"@executable_path/Frameworks",
				);
				MARKETING_VERSION = 1.0;
				PRODUCT_BUNDLE_IDENTIFIER = com.coldrifting.thymesaver;
				PRODUCT_NAME = "$(TARGET_NAME)";
				SWIFT_EMIT_LOC_STRINGS = YES;
				SWIFT_VERSION = 5.0;
				TARGETED_DEVICE_FAMILY = "1,2";
			};
			name = Debug;
		};
		079A72872DFA1BEF0098A2EB /* Release */ = {
			isa = XCBuildConfiguration;
			buildSettings = {
				ASSETCATALOG_COMPILER_APPICON_NAME = AppIcon;
				ASSETCATALOG_COMPILER_GLOBAL_ACCENT_COLOR_NAME = AccentColor;
				CODE_SIGN_STYLE = Automatic;
				CURRENT_PROJECT_VERSION = 1;
				DEVELOPMENT_TEAM = M4327C8M2N;
				ENABLE_PREVIEWS = YES;
				GENERATE_INFOPLIST_FILE = YES;
				INFOPLIST_KEY_CFBundleDisplayName = "Thyme Saver";
				INFOPLIST_KEY_LSApplicationCategoryType = "public.app-category.food-and-drink";
				INFOPLIST_KEY_UIApplicationSceneManifest_Generation = YES;
				INFOPLIST_KEY_UIApplicationSupportsIndirectInputEvents = YES;
				INFOPLIST_KEY_UILaunchScreen_Generation = YES;
				INFOPLIST_KEY_UISupportedInterfaceOrientations_iPad = "UIInterfaceOrientationPortrait UIInterfaceOrientationPortraitUpsideDown UIInterfaceOrientationLandscapeLeft UIInterfaceOrientationLandscapeRight";
				INFOPLIST_KEY_UISupportedInterfaceOrientations_iPhone = "UIInterfaceOrientationPortrait UIInterfaceOrientationLandscapeLeft UIInterfaceOrientationLandscapeRight";
				IPHONEOS_DEPLOYMENT_TARGET = 18.0;
				LD_RUNPATH_SEARCH_PATHS = (
					"$(inherited)",
					"@executable_path/Frameworks",
				);
				MARKETING_VERSION = 1.0;
				PRODUCT_BUNDLE_IDENTIFIER = com.coldrifting.thymesaver;
				PRODUCT_NAME = "$(TARGET_NAME)";
				SWIFT_EMIT_LOC_STRINGS = YES;
				SWIFT_VERSION = 5.0;
				TARGETED_DEVICE_FAMILY = "1,2";
			};
			name = Release;
		};
		079A72892DFA1BEF0098A2EB /* Debug */ = {
			isa = XCBuildConfiguration;
			buildSettings = {
				BUNDLE_LOADER = "$(TEST_HOST)";
				CODE_SIGN_STYLE = Automatic;
				CURRENT_PROJECT_VERSION = 1;
				DEVELOPMENT_TEAM = M4327C8M2N;
				GENERATE_INFOPLIST_FILE = YES;
				IPHONEOS_DEPLOYMENT_TARGET = 18.4;
				MARKETING_VERSION = 1.0;
				PRODUCT_BUNDLE_IDENTIFIER = com.coldrifting.thymesaverTests;
				PRODUCT_NAME = "$(TARGET_NAME)";
				SWIFT_EMIT_LOC_STRINGS = NO;
				SWIFT_VERSION = 5.0;
				TARGETED_DEVICE_FAMILY = "1,2";
				TEST_HOST = "$(BUILT_PRODUCTS_DIR)/ThymeSaver.app/$(BUNDLE_EXECUTABLE_FOLDER_PATH)/ThymeSaver";
			};
			name = Debug;
		};
		079A728A2DFA1BEF0098A2EB /* Release */ = {
			isa = XCBuildConfiguration;
			buildSettings = {
				BUNDLE_LOADER = "$(TEST_HOST)";
				CODE_SIGN_STYLE = Automatic;
				CURRENT_PROJECT_VERSION = 1;
				DEVELOPMENT_TEAM = M4327C8M2N;
				GENERATE_INFOPLIST_FILE = YES;
				IPHONEOS_DEPLOYMENT_TARGET = 18.4;
				MARKETING_VERSION = 1.0;
				PRODUCT_BUNDLE_IDENTIFIER = com.coldrifting.thymesaverTests;
				PRODUCT_NAME = "$(TARGET_NAME)";
				SWIFT_EMIT_LOC_STRINGS = NO;
				SWIFT_VERSION = 5.0;
				TARGETED_DEVICE_FAMILY = "1,2";
				TEST_HOST = "$(BUILT_PRODUCTS_DIR)/ThymeSaver.app/$(BUNDLE_EXECUTABLE_FOLDER_PATH)/ThymeSaver";
			};
			name = Release;
		};
		079A728C2DFA1BEF0098A2EB /* Debug */ = {
			isa = XCBuildConfiguration;
			buildSettings = {
				CODE_SIGN_STYLE = Automatic;
				CURRENT_PROJECT_VERSION = 1;
				DEVELOPMENT_TEAM = M4327C8M2N;
				GENERATE_INFOPLIST_FILE = YES;
				MARKETING_VERSION = 1.0;
				PRODUCT_BUNDLE_IDENTIFIER = com.coldrifting.thymesaverUITests;
				PRODUCT_NAME = "$(TARGET_NAME)";
				SWIFT_EMIT_LOC_STRINGS = NO;
				SWIFT_VERSION = 5.0;
				TARGETED_DEVICE_FAMILY = "1,2";
				TEST_TARGET_NAME = thymesaver;
			};
			name = Debug;
		};
		079A728D2DFA1BEF0098A2EB /* Release */ = {
			isa = XCBuildConfiguration;
			buildSettings = {
				CODE_SIGN_STYLE = Automatic;
				CURRENT_PROJECT_VERSION = 1;
				DEVELOPMENT_TEAM = M4327C8M2N;
				GENERATE_INFOPLIST_FILE = YES;
				MARKETING_VERSION = 1.0;
				PRODUCT_BUNDLE_IDENTIFIER = com.coldrifting.thymesaverUITests;
				PRODUCT_NAME = "$(TARGET_NAME)";
				SWIFT_EMIT_LOC_STRINGS = NO;
				SWIFT_VERSION = 5.0;
				TARGETED_DEVICE_FAMILY = "1,2";
				TEST_TARGET_NAME = thymesaver;
			};
			name = Release;
		};
/* End XCBuildConfiguration section */

/* Begin XCConfigurationList section */
		079A725D2DFA1BED0098A2EB /* Build configuration list for PBXProject "ThymeSaver" */ = {
			isa = XCConfigurationList;
			buildConfigurations = (
				079A72832DFA1BEF0098A2EB /* Debug */,
				079A72842DFA1BEF0098A2EB /* Release */,
			);
			defaultConfigurationIsVisible = 0;
			defaultConfigurationName = Release;
		};
		079A72852DFA1BEF0098A2EB /* Build configuration list for PBXNativeTarget "ThymeSaver" */ = {
			isa = XCConfigurationList;
			buildConfigurations = (
				079A72862DFA1BEF0098A2EB /* Debug */,
				079A72872DFA1BEF0098A2EB /* Release */,
			);
			defaultConfigurationIsVisible = 0;
			defaultConfigurationName = Release;
		};
		079A72882DFA1BEF0098A2EB /* Build configuration list for PBXNativeTarget "ThymeSaverTests" */ = {
			isa = XCConfigurationList;
			buildConfigurations = (
				079A72892DFA1BEF0098A2EB /* Debug */,
				079A728A2DFA1BEF0098A2EB /* Release */,
			);
			defaultConfigurationIsVisible = 0;
			defaultConfigurationName = Release;
		};
		079A728B2DFA1BEF0098A2EB /* Build configuration list for PBXNativeTarget "ThymeSaverUITests" */ = {
			isa = XCConfigurationList;
			buildConfigurations = (
				079A728C2DFA1BEF0098A2EB /* Debug */,
				079A728D2DFA1BEF0098A2EB /* Release */,
			);
			defaultConfigurationIsVisible = 0;
			defaultConfigurationName = Release;
		};
/* End XCConfigurationList section */

/* Begin XCRemoteSwiftPackageReference section */
		07326BBF2DFB8E7400CD3A74 /* XCRemoteSwiftPackageReference "GRDB.swift" */ = {
			isa = XCRemoteSwiftPackageReference;
			repositoryURL = "https://github.com/groue/GRDB.swift.git";
			requirement = {
				branch = master;
				kind = branch;
			};
		};
/* End XCRemoteSwiftPackageReference section */

/* Begin XCSwiftPackageProductDependency section */
		07326BC02DFB8E7400CD3A74 /* GRDB */ = {
			isa = XCSwiftPackageProductDependency;
			package = 07326BBF2DFB8E7400CD3A74 /* XCRemoteSwiftPackageReference "GRDB.swift" */;
			productName = GRDB;
		};
/* End XCSwiftPackageProductDependency section */
	};
	rootObject = 079A725A2DFA1BED0098A2EB /* Project object */;
}
